
Microsoft Visual Studio Solution File, Format Version 12.00
# Visual Studio Version 17
VisualStudioVersion = 17.5.002.0
MinimumVisualStudioVersion = 10.0.40219.1
Project("{9A19103F-16F7-4668-BE54-9A1E7A4F7556}") = "sesame-manager", "sesame-manager.csproj", "{11DF2B0C-E972-493E-88F0-56CD338CE191}"
EndProject
Global
	GlobalSection(SolutionConfigurationPlatforms) = preSolution
		Debug|Any CPU = Debug|Any CPU
		Release|Any CPU = Release|Any CPU
	EndGlobalSection
	GlobalSection(ProjectConfigurationPlatforms) = postSolution
		{11DF2B0C-E972-493E-88F0-56CD338CE191}.Debug|Any CPU.ActiveCfg = Debug|Any CPU
		{11DF2B0C-E972-493E-88F0-56CD338CE191}.Debug|Any CPU.Build.0 = Debug|Any CPU
		{11DF2B0C-E972-493E-88F0-56CD338CE191}.Release|Any CPU.ActiveCfg = Release|Any CPU
		{11DF2B0C-E972-493E-88F0-56CD338CE191}.Release|Any CPU.Build.0 = Release|Any CPU
	EndGlobalSection
	GlobalSection(SolutionProperties) = preSolution
		HideSolutionNode = FALSE
	EndGlobalSection
	GlobalSection(ExtensibilityGlobals) = postSolution
		SolutionGuid = {E910F5C0-FB80-4CD3-B344-9EEC73FFA0A1}
	EndGlobalSection
EndGlobal
